{
  "name": "odisha-tourism",
  "version": "1.0.0",
  "lockfileVersion": 3,
  "requires": true,
  "packages": {
    "": {
      "name": "odisha-tourism",
      "version": "1.0.0",
      "license": "MIT",
      "dependencies": {
        "express": "^4.18.2"
      }
    },
    "node_modules/accept-language-parser": {
      "version": "1.5.0",
      "resolved": "https://registry.npmjs.org/accept-language-parser/-/accept-language-parser-1.5.0.tgz",
      "integrity": "sha512-5OWlulkBFaYcVv3llIxo8ieCMN7vECFYcERrtE7XvLxQSkfkSHroupiGQQrsScT959LHTPqfQvlvVb3kv8mMQ=="
    },
    "node_modules/array-flatten": {
      "version": "1.1.1",
      "resolved": "https://registry.npmjs.org/array-flatten/-/array-flatten-1.1.1.tgz",
      "integrity": "sha512-PCVAQswWHP8b3de7VmH6DwL6b/1L0KAxlapjIQnZLsCJF8KHvFAZ+xmYq+MITzZc7aWIAPUEdzv2Xm/Jdeck8w=="
    },
    "node_modules/body-parser": {
      "version": "1.20.2",
      "resolved": "https://registry.npmjs.org/body-parser/-/body-parser-1.20.2.tgz",
      "integrity": "sha512-ml9pReCu3M61ksPBbXE+gZYq3jJ9zbbDrQve4FjUvgfuAfJwxkZntQXewPi/U9/3COqvHddEMsluBRZd4VQC4w==",
      "dependencies": {
        "bytes": "3.1.2",
        "content-disposition": "0.5.4",
        "content-type": "~1.0.4",
        "debug": "2.6.9",
        "depd": "2.0.0",
        "destroy": "1.2.0",
        "http-errors": "2.0.0",
        "iconv-lite": "0.4.24",
        "on-finished": "2.4.1",
        "qs": "6.11.0",
        "raw-body": "2.5.2",
        "type-is": "~1.6.18",
        "unpipe": "1.0.0"
      }
    },
    "node_modules/bytes": {
      "version": "3.1.2",
      "resolved": "https://registry.npmjs.org/bytes/-/bytes-3.1.2.tgz",
      "integrity": "sha512-/Nf7TyzpQWYDlvwhqKqeQ69fvJkBmwt9x9K8+9OazvegvQW5ZNzQ+0n5oEn2dUJzGqnLBCI5+RlKDvBzJ/8rw=="
    },
    "node_modules/call-bind": {
      "version": "1.0.2",
      "resolved": "https://registry.npmjs.org/call-bind/-/call-bind-1.0.2.tgz",
      "integrity": "sha512-7O+FjgeyomMf+tyKQvJhWyLEwEbnRlZFgjaGX8V+wx+r/Ukqry9iF9kv3CS/ty+KL9QNsFAf3IcQ6q6K8Qtaw==",
      "dependencies": {
        "function-bind": "^1.1.1",
        "get-intrinsic": "^1.0.2"
      }
    },
    "node_modules/content-disposition": {
      "version": "0.5.4",
      "resolved": "https://registry.npmjs.org/content-disposition/-/content-disposition-0.5.4.tgz",
      "integrity": "sha512-FveZTNuGw04cxlAiWbzi6qXfqqruhwOZxOOTaAVxTm7T+BkwH7n5P8FaIjG2tFonNy8Ad1aI+c350Ke4rWKZA=="
    },
    "node_modules/content-type": {
      "version": "1.0.5",
      "resolved": "https://registry.npmjs.org/content-type/-/content-type-1.0.5.tgz",
      "integrity": "sha512-nTjqfcBFEipKdXCv4YDQWCfmcLZKm81PEo8+y+mpjBgSVa7FM9TX758BBQAIlQ+WeP+pNomLWDkwtLiUI5E6w=="
    },
    "node_modules/cookie": {
      "version": "0.5.0",
      "resolved": "https://registry.npmjs.org/cookie/-/cookie-0.5.0.tgz",
      "integrity": "sha512-YZ3GUyn/o8gfKJlnlX7g7xq4gyO6hSCAW1nNrRsOubCyan1d9XlBLOWQZ1iosDXQAhQv1BiczMZYoDg8hqVK/uQ=="
    },
    "node_modules/cookie-signature": {
      "version": "1.0.6",
      "resolved": "https://registry.npmjs.org/cookie-signature/-/cookie-signature-1.0.6.tgz",
      "integrity": "sha512-QADzlaHc8icV8I7vbaJXJwod9HWYp8uCqf1xa4OfNZsH/1ZNtYZRIlI1z6FMZjqVEWV3a7LYKoQ0UtO53dONNQ=="
    },
    "node_modules/debug": {
      "version": "2.6.9",
      "resolved": "https://registry.npmjs.org/debug/-/debug-2.6.9.tgz",
      "integrity": "sha512-bC7sILetsBXrxiGObLlC3RYXfvMxLZ5yC6Xql1vlceKc1I+BqrLSdRkLSZvucQWn5LBWNcUH8DwZ1Re7UFuTQ8w==",
      "dependencies": {
        "ms": "2.0.0"
      }
    },
    "node_modules/depd": {
      "version": "2.0.0",
      "resolved": "https://registry.npmjs.org/depd/-/depd-2.0.0.tgz",
      "integrity": "sha512-g7nH6P6dyDExLjG0KysJ5nUjRtSt0DqAkYsfVzLj19G0VOLmerDe3J6DpCifDjpV4bu6CcRlG6sBI8r6upV2LDUQ=="
    },
    "node_modules/destroy": {
      "version": "1.2.0",
      "resolved": "https://registry.npmjs.org/destroy/-/destroy-1.2.0.tgz",
      "integrity": "sha512-2sJGJTaXIIaR1w4iJSKzNKMoVkerbiEkyM3D5+1fh8uG7/VoVfYLNUE0BlmkXEMiscYMgFARa6WXwpSl8sDtVw=="
    },
    "node_modules/ee-first": {
      "version": "1.1.1",
      "resolved": "https://registry.npmjs.org/ee-first/-/ee-first-1.1.1.tgz",
      "integrity": "sha512-WMwm9LhRikGE�iyul+XnapwhgyiPstMEMvLObmsk+gkzcduvLBYw3vy28Pwd7i5HijZUUfkfisCQmdyKf+8Q/g=="
    },
    "node_modules/encodeurl": {
      "version": "1.0.2",
      "resolved": "https://registry.npmjs.org/encodeurl/-/encodeurl-1.0.2.tgz",
      "integrity": "sha512-TPJYc7rud5HwFsFEV3DSTHgeBqFNTjYbU7oWHO+4CDroX2NWLbsgtFbRfM5mpUtoqqu1keI1TIARA2z1HglkCg=="
    },
    "node_modules/escape-html": {
      "version": "1.0.3",
      "resolved": "https://registry.npmjs.org/escape-html/-/escape-html-1.0.3.tgz",
      "integrity": "sha512-NL9Xd5eF21VAIstaoMZiUPVkSS34xnSYRy+xqpXaJlqKGW6rD65yauRQUCk+6NonMSoclarke3b8rImIqqwtjKA=="
    },
    "node_modules/etag": {
      "version": "1.8.1",
      "resolved": "https://registry.npmjs.org/etag/-/etag-1.8.1.tgz",
      "integrity": "sha512-aIL5Xs5PN+sTkeH6pbjiQkN/01OSwAxFjrmWMnloOp+lSUtIl7ilJ/38LSrmCRtvQVdrP//0ozrMH/zkDQSs3w=="
    },
    "node_modules/express": {
      "version": "4.18.2",
      "resolved": "https://registry.npmjs.org/express/-/express-4.18.2.tgz",
      "integrity": "sha512-5/PsL6iGPdfQ/lKM1UuYUu0fMGlEUl9x2zZb3IirnMLT4/M+GU7wFrHagRZvHQkDj9cbXYLsaIFuMAPt8pRjTQ==",
      "dependencies": {
        "accepts": "~1.3.8",
        "array-flatten": "1.1.1",
        "body-parser": "1.20.2",
        "content-disposition": "0.5.4",
        "content-type": "~1.0.4",
        "cookie": "0.5.0",
        "cookie-signature": "1.0.6",
        "debug": "2.6.9",
        "depd": "~2.0.0",
        "encodeurl": "~1.0.2",
        "escape-html": "~1.0.3",
        "etag": "~1.8.1",
        "finalhandler": "1.2.0",
        "fresh": "0.5.2",
        "http-errors": "2.0.0",
        "merge-descriptors": "1.0.1",
        "methods": "~1.1.2",
        "on-finished": "2.4.1",
        "parseurl": "~1.3.3",
        "path-to-regexp": "0.1.7",
        "proxy-addr": "~2.0.7",
        "qs": "6.11.0",
        "range-parser": "~1.2.1",
        "raw-body": "2.5.2",
        "safe-buffer": "5.2.1",
        "send": "0.18.0",
        "serve-static": "1.15.0",
        "setprototypeof": "1.2.0",
        "statuses": "2.0.1",
        "type-is": "~1.6.18",
        "unpipe": "1.0.0",
        "utils-merge": "1.0.1",
        "vary": "~1.1.2"
      }
    },
    "node_modules/finalhandler": {
      "version": "1.2.0",
      "resolved": "https://registry.npmjs.org/finalhandler/-/finalhandler-1.2.0.tgz",
      "integrity": "sha512-5uIFVBC0laS3CL8O+y+pP0+v30zToUc06Cghw+rpE6AaYUJJUn42cdvNOs27prMtlUAYHz/2uFvMnSvSQuCqnA==",
      "dependencies": {
        "debug": "2.6.9",
        "encodeurl": "~1.0.2",
        "escape-html": "~1.0.3",
        "on-finished": "2.4.1",
        "parseurl": "~1.3.3",
        "statuses": "~2.0.0",
        "unpipe": "~1.0.0"
      }
    },
    "node_modules/fresh": {
      "version": "0.5.2",
      "resolved": "https://registry.npmjs.org/fresh/-/fresh-0.5.2.tgz",
      "integrity": "sha512-zJ2mQYM3Li33nnoYNONOh7B9nJtiLr1flkaVCVFLhM5oeqq/2z28KfCNxvfKbuziD+tsxwGxp7ynMCktqAdZ3A=="
    },
    "node_modules/function-bind": {
      "version": "1.1.1",
      "resolved": "https://registry.npmjs.org/function-bind/-/function-bind-1.1.1.tgz",
      "integrity": "sha512-yIovAzMX49sF8Yl58fSCWJ5svSLuaibPxXQJFLmBObTuCr0Mf1KiPopGM9NiFjiYBCbfqr0h7mztAMKlOBrkaA=="
    },
    "node_modules/get-intrinsic": {
      "version": "1.1.1",
      "resolved": "https://registry.npmjs.org/get-intrinsic/-/get-intrinsic-1.1.1.tgz",
      "integrity": "sha512-kWZrnVM7T5cQN5ld7CKwSqCVWEb3ddeES6Z6sSSeNalrH+1mZ5PUkMWQgSqSiNYii3b5gu+V2NN3G7BsAaidhA=="
    },
    "node_modules/http-errors": {
      "version": "2.0.0",
      "resolved": "https://registry.npmjs.org/http-errors/-/http-errors-2.0.0.tgz",
      "integrity": "sha512-FtwxvqxQvEc2d/QJC0mNNWmpezzZZSlIH2PSUyO/mI40SP+C8vI4qAe6jSrSrk0yWH7m2umb7C5hBIJsaKH3xg==",
      "dependencies": {
        "depd": "~2.0.0",
        "inherits": "2.0.4",
        "setprototypeof": "1.2.0",
        "statuses": "~2.0.1",
        "toidentifier": "1.0.1"
      }
    },
    "node_modules/iconv-lite": {
      "version": "0.4.24",
      "resolved": "https://registry.npmjs.org/iconv-lite/-/iconv-lite-0.4.24.tgz",
      "integrity": "sha512-v3MJ3aLrPrVTUV6mCVL90S3ukL8sSPf+M9Qlt8ASZvqrFGyZIG6o5c9aI9tFtjvnmaMKZnQcKESRqk37dQY19A=="
    },
    "node_modules/inherits": {
      "version": "2.0.4",
      "resolved": "https://registry.npmjs.org/inherits/-/inherits-2.0.4.tgz",
      "integrity": "sha512-k/vGaX4/Yla3WzyMsP9FfEnSkbqVvUJVgZLfKFxNc9A0Da1tejJLvEgs8nKRoRNDRP8RvnyPEbEwQ6B/VJl96w=="
    },
    "node_modules/merge-descriptors": {
      "version": "1.0.1",
      "resolved": "https://registry.npmjs.org/merge-descriptors/-/merge-descriptors-1.0.1.tgz",
      "integrity": "sha512-cCi6g3/Zr1iqQi6ySgMMM7LToMSP7/u3PoostraExLevoVLvqnNf5vzrPH6YoJoFs41wyWvFBUF2R5amwfDZLQ=="
    },
    "node_modules/methods": {
      "version": "1.1.2",
      "resolved": "https://registry.npmjs.org/methods/-/methods-1.1.2.tgz",
      "integrity": "sha512-iclmx0KJV6j48y/UZwP8+d/+pF3ONR6b4sNnnNXNCJuvPe+Qks9eNuwf+msBxn+4cux9IJLMbRA2Q9KVaDjEEA=="
    },
    "node_modules/ms": {
      "version": "2.0.0",
      "resolved": "https://registry.npmjs.org/ms/-/ms-2.0.0.tgz",
      "integrity": "sha512-Tpp60B2wHFQBw+wcDqq+N4RPistIs0wYkA8QValrq5UerNYUWNsceqRP47K8xYErjidDmrqm4DysspMQQ2QaZQ=="
    },
    "node_modules/object-inspect": {
      "version": "1.12.0",
      "resolved": "https://registry.npmjs.org/object-inspect/-/object-inspect-1.12.0.tgz",
      "integrity": "sha512-Ho2z60dqg2uCS8B63dEsz8tz+GZucVuyUZKx4D+M/97eNywf9SlCjDlLioulrP2Z2o2u7MosSfqKg627W8ecKQ=="
    },
    "node_modules/on-finished": {
      "version": "2.4.1",
      "resolved": "https://registry.npmjs.org/on-finished/-/on-finished-2.4.1.tgz",
      "integrity": "sha512-EuaSsLk7UqSSr4iqdvym2FCTkW+004Y1/aRgtsW9QFDMnv2QUKx4G9c5lpiloveKyrmkTqay0Up4QvQ55MFTeLw=="
    },
    "node_modules/parseurl": {
      "version": "1.3.3",
      "resolved": "https://registry.npmjs.org/parseurl/-/parseurl-1.3.3.tgz",
      "integrity": "sha512-CiyeOxFT/JZyN5m0z9PfXw4SCBJ5EidkCCHvS7K94do0pIv2kYXsTvlmusAuVc8nFFDy4TJLsklFub2L6ftASA=="
    },
    "node_modules/path-to-regexp": {
      "version": "0.1.7",
      "resolved": "https://registry.npmjs.org/path-to-regexp/-/path-to-regexp-0.1.7.tgz",
      "integrity": "sha512-5DFkuoqlOQi6prHaReqVLznGPdlPEZzuBP3d8q5EOJJPwKLU/R7LBTh+50UnitsvIXl3Si57IjlH/7DmSfA550w=="
    },
    "node_modules/proxy-addr": {
      "version": "2.0.7",
      "resolved": "https://registry.npmjs.org/proxy-addr/-/proxy-addr-2.0.7.tgz",
      "integrity": "sha512-llQsMLSUDUPT44jdrU/O37qlnifitDP+ZwrmmZcoSKyLKvtZxpyV0n2/bD/N4tBAAQNI/ReIPmmPwAgvgstXaQw==",
      "dependencies": {
        "forwarded": "0.2.0",
        "ipaddr.js": "1.9.1"
      }
    },
    "node_modules/qs": {
      "version": "6.11.0",
      "resolved": "https://registry.npmjs.org/qs/-/qs-6.11.0.tgz",
      "integrity": "sha512-MvjoMCJwELg3lCpv9SEfdjS2jnu5ZoAfLKZGlFgex1nKL/3ggT5+FRvSvgKqo6zigqFqKrzayY5g6bohmCC05w=="
    },
    "node_modules/range-parser": {
      "version": "1.2.1",
      "resolved": "https://registry.npmjs.org/range-parser/-/range-parser-1.2.1.tgz",
      "integrity": "sha512-Haw3z/Qs7x+STn5bi5RZLWfujQiY3TtN0VdkL1Btau7q0XO+3LWlYmsUWR/39L8v8clay27+fRtsC3SNrCjyRw=="
    },
    "node_modules/raw-body": {
      "version": "2.5.2",
      "resolved": "https://registry.npmjs.org/raw-body/-/raw-body-2.5.2.tgz",
      "integrity": "sha512-8zGqypfENlLMXs7S7UxBNkWJ+K8d5e82foqeQbnYsENMzIxs7+ggxoscmK6+XRQrrWGEy7/JycgMVinoDwgozA=="
    },
    "node_modules/safe-buffer": {
      "version": "5.2.1",
      "resolved": "https://registry.npmjs.org/safe-buffer/-/safe-buffer-5.2.1.tgz",
      "integrity": "sha512-rp3So07KcdimwRSDi8aLn7DbiRvsZDA0kt9XiY1g6VjJhHkUzhaj5HDJeGQQsrukhhLSUI3IB432yORTDP5QaA=="
    },
    "node_modules/send": {
      "version": "0.18.0",
      "resolved": "https://registry.npmjs.org/send/-/send-0.18.0.tgz",
      "integrity": "sha512-qqWzuOjSFqdg8dUS3L8C6D6sxuts9n7pYUxvO112KihqbBvbRXtalLDwVsgmax+2Un64VSrZWEynGkjLsnFun9Q=="
    },
    "node_modules/serve-static": {
      "version": "1.15.0",
      "resolved": "https://registry.npmjs.org/serve-static/-/serve-static-1.15.0.tgz",
      "integrity": "sha512-XGuRDNjXUijsUL0vl14jAXIkKJc32LSUxFBctsGQcPPCAVRkkD643m2FzsGZ848p4ZB346K2qTX2hTqZdduPS2A=="
    },
    "node_modules/setprototypeof": {
      "version": "1.2.0",
      "resolved": "https://registry.npmjs.org/setprototypeof/-/setprototypeof-1.2.0.tgz",
      "integrity": "sha512-E5LDX7Wrp85Kil5bhZv46j8jOeboKj8QAZVHUtkAnY6l0LSoVv2VQOI3PNw4b6eSuJOpOi64dT5SRFfxkner0A=="
    },
    "node_modules/statuses": {
      "version": "2.0.1",
      "resolved": "https://registry.npmjs.org/statuses/-/statuses-2.0.1.tgz",
      "integrity": "sha512-RwNA9Z/7PrK06rYLIzFMlaF+l73iwpzsqRIFgbMLbTkkt0azPAaKMUJR90warqkntjv7eLqSGHeuDqezqpMiw0Q=="
    },
    "node_modules/toidentifier": {
      "version": "1.0.1",
      "resolved": "https://registry.npmjs.org/toidentifier/-/toidentifier-1.0.1.tgz",
      "integrity": "sha512-o5sSPKiml3XL+at5Z0rcW36jEhzWKDMNrKYcgRCNcWKWt8r0jCicZP3MD+4qfm0acH2VWbPoQe0SI1fNBd0CJA=="
    },
    "node_modules/type-is": {
      "version": "1.6.18",
      "resolved": "https://registry.npmjs.org/type-is/-/type-is-1.6.18.tgz",
      "integrity": "sha512-TkRKr9sUTxEH8MdfuCSP7VizJHStp/E+xQCaq9DSnLbLTtRdjiSrqI4/Ct4NcaZol+S1G/DJlaay9SACyNNSDA=="
    },
    "node_modules/unpipe": {
      "version": "1.0.0",
      "resolved": "https://registry.npmjs.org/unpipe/-/unpipe-1.0.0.tgz",
      "integrity": "sha512-pjy2bYhSsufwWlKwPc+l3cFjH3Z3dGtAB9+/xvqqczuMiYoXQZ3MgOa8NWm/dBClsceqIsoluk57BVcCwPopQ/A=="
    },
    "node_modules/utils-merge": {
      "version": "1.0.1",
      "resolved": "https://registry.npmjs.org/utils-merge/-/utils-merge-1.0.1.tgz",
      "integrity": "sha512-pjEij7wI6l8UV0iwf+BjdBhCeHDzUhvJpKKvQhfbYm7S8Vc5cZQzWxaQAkBjOLo/iDLBzvA62MgJ0vXN1xGWZg=="
    },
    "node_modules/vary": {
      "version": "1.1.2",
      "resolved": "https://registry.npmjs.org/vary/-/vary-1.1.2.tgz",
      "integrity": "sha512-BNGbWLfd0FlwQvaliuGoSwV438Hk4mTserQbSmhS6+3/QE2DZBlLvzNrmbWRmNjzVlHxSAsFsFIsqBXRa9Jay2g=="
    },
    "node_modules/forwarded": {
      "version": "0.2.0",
      "resolved": "https://registry.npmjs.org/forwarded/-/forwarded-0.2.0.tgz",
      "integrity": "sha512-buRG0fpBtRHSTiVHAKwmbf5ijNNLN5mRLC7YJa+9cII9overtCQjtIora2XQP/qZbtE1DYwkra3bygMV+qQ20Q5A=="
    },
    "node_modules/ipaddr.js": {
      "version": "1.9.1",
      "resolved": "https://registry.npmjs.org/ipaddr.js/-/ipaddr.js-1.9.1.tgz",
      "integrity": "sha512-0KI/607xoxSToH7GjN1FfSbLoU0+btTicjsQtO+IGlCcr0c9IqMru760ijMvQay6KsnLknpFL68pNxnxIkqKg=="
    },
    "node_modules/accepts": {
      "version": "1.3.8",
      "resolved": "https://registry.npmjs.org/accepts/-/accepts-1.3.8.tgz",
      "integrity": "sha512-PYAthTa2m2VKkIaidu/LsstaHL/H4VpNNuK+7vfwiST8Fs6aFjb+Sr4QfmkYP/KX+qJbORwtP2v//eI8t3/IFQ=="
    }
  }
}
